# This file is generated by running "yarn install" inside your project.
# Manual changes might be lost - proceed with caution!

__metadata:
  version: 8
  cacheKey: 10c0

"@graphql-typed-document-node/core@npm:^3.2.0":
  version: 3.2.0
  resolution: "@graphql-typed-document-node/core@npm:3.2.0"
  peerDependencies:
    graphql: ^0.8.0 || ^0.9.0 || ^0.10.0 || ^0.11.0 || ^0.12.0 || ^0.13.0 || ^14.0.0 || ^15.0.0 || ^16.0.0 || ^17.0.0
  checksum: 10c0/94e9d75c1f178bbae8d874f5a9361708a3350c8def7eaeb6920f2c820e82403b7d4f55b3735856d68e145e86c85cbfe2adc444fdc25519cd51f108697e99346c
  languageName: node
  linkType: hard

"@types/crypto-js@npm:^4.2.1":
  version: 4.2.2
  resolution: "@types/crypto-js@npm:4.2.2"
  checksum: 10c0/760a2078f36f2a3a1089ef367b0d13229876adcf4bcd6e8824d00d9e9bfad8118dc7e6a3cc66322b083535e12be3a29044ccdc9603bfb12519ff61551a3322c6
  languageName: node
  linkType: hard

"cross-fetch@npm:^3.1.5":
  version: 3.2.0
  resolution: "cross-fetch@npm:3.2.0"
  dependencies:
    node-fetch: "npm:^2.7.0"
  checksum: 10c0/d8596adf0269130098a676f6739a0922f3cc7b71cc89729925411ebe851a87026171c82ea89154c4811c9867c01c44793205a52e618ce2684650218c7fbeeb9f
  languageName: node
  linkType: hard

"crypto-js@npm:^4.2.0":
  version: 4.2.0
  resolution: "crypto-js@npm:4.2.0"
  checksum: 10c0/8fbdf9d56f47aea0794ab87b0eb9833baf80b01a7c5c1b0edc7faf25f662fb69ab18dc2199e2afcac54670ff0cd9607a9045a3f7a80336cccd18d77a55b9fdf0
  languageName: node
  linkType: hard

"graphql-request@npm:^6.1.0":
  version: 6.1.0
  resolution: "graphql-request@npm:6.1.0"
  dependencies:
    "@graphql-typed-document-node/core": "npm:^3.2.0"
    cross-fetch: "npm:^3.1.5"
  peerDependencies:
    graphql: 14 - 16
  checksum: 10c0/f8167925a110e8e1de93d56c14245e7e64391dc8dce5002dd01bf24a3059f345d4ca1bb6ce2040e2ec78264211b0704e75da3e63984f0f74d2042f697a4e8cc6
  languageName: node
  linkType: hard

"graphql@npm:^16.8.1":
  version: 16.12.0
  resolution: "graphql@npm:16.12.0"
  checksum: 10c0/b6fffa4e8a4e4a9933ebe85e7470b346dbf49050c1a482fac5e03e4a1a7bed2ecd3a4c97e29f04457af929464bc5e4f2aac991090c2f320111eef26e902a5c75
  languageName: node
  linkType: hard

"node-fetch@npm:^2.7.0":
  version: 2.7.0
  resolution: "node-fetch@npm:2.7.0"
  dependencies:
    whatwg-url: "npm:^5.0.0"
  peerDependencies:
    encoding: ^0.1.0
  peerDependenciesMeta:
    encoding:
      optional: true
  checksum: 10c0/b55786b6028208e6fbe594ccccc213cab67a72899c9234eb59dba51062a299ea853210fcf526998eaa2867b0963ad72338824450905679ff0fa304b8c5093ae8
  languageName: node
  linkType: hard

"opti-graphql-client@workspace:.":
  version: 0.0.0-use.local
  resolution: "opti-graphql-client@workspace:."
  dependencies:
    "@types/crypto-js": "npm:^4.2.1"
    crypto-js: "npm:^4.2.0"
    graphql: "npm:^16.8.1"
    graphql-request: "npm:^6.1.0"
    typescript: "npm:^5.3.3"
  languageName: unknown
  linkType: soft

"tr46@npm:~0.0.3":
  version: 0.0.3
  resolution: "tr46@npm:0.0.3"
  checksum: 10c0/047cb209a6b60c742f05c9d3ace8fa510bff609995c129a37ace03476a9b12db4dbf975e74600830ef0796e18882b2381fb5fb1f6b4f96b832c374de3ab91a11
  languageName: node
  linkType: hard

"typescript@npm:^5.3.3":
  version: 5.9.3
  resolution: "typescript@npm:5.9.3"
  bin:
    tsc: bin/tsc
    tsserver: bin/tsserver
  checksum: 10c0/6bd7552ce39f97e711db5aa048f6f9995b53f1c52f7d8667c1abdc1700c68a76a308f579cd309ce6b53646deb4e9a1be7c813a93baaf0a28ccd536a30270e1c5
  languageName: node
  linkType: hard

"typescript@patch:typescript@npm%3A^5.3.3#optional!builtin<compat/typescript>":
  version: 5.9.3
  resolution: "typescript@patch:typescript@npm%3A5.9.3#optional!builtin<compat/typescript>::version=5.9.3&hash=5786d5"
  bin:
    tsc: bin/tsc
    tsserver: bin/tsserver
  checksum: 10c0/ad09fdf7a756814dce65bc60c1657b40d44451346858eea230e10f2e95a289d9183b6e32e5c11e95acc0ccc214b4f36289dcad4bf1886b0adb84d711d336a430
  languageName: node
  linkType: hard

"webidl-conversions@npm:^3.0.0":
  version: 3.0.1
  resolution: "webidl-conversions@npm:3.0.1"
  checksum: 10c0/5612d5f3e54760a797052eb4927f0ddc01383550f542ccd33d5238cfd65aeed392a45ad38364970d0a0f4fea32e1f4d231b3d8dac4a3bdd385e5cf802ae097db
  languageName: node
  linkType: hard

"whatwg-url@npm:^5.0.0":
  version: 5.0.0
  resolution: "whatwg-url@npm:5.0.0"
  dependencies:
    tr46: "npm:~0.0.3"
    webidl-conversions: "npm:^3.0.0"
  checksum: 10c0/1588bed84d10b72d5eec1d0faa0722ba1962f1821e7539c535558fb5398d223b0c50d8acab950b8c488b4ba69043fd833cc2697056b167d8ad46fac3995a55d5
  languageName: node
  linkType: hard
